
Microsoft Visual Studio Solution File, Format Version 12.00
# Visual Studio 14
VisualStudioVersion = 14.0.25420.1
MinimumVisualStudioVersion = 10.0.40219.1
Project("{FAE04EC0-301F-11D3-BF4B-00C04F79EFBC}") = "AfekaTorrentTransferEngine.WCFPNRP", "AfekaTorrent.TransferEngine.WCFPNRP\AfekaTorrentTransferEngine.WCFPNRP.csproj", "{4374A8E0-988E-4DF0-AC9D-0AF0FA8B0FDB}"
EndProject
Project("{FAE04EC0-301F-11D3-BF4B-00C04F79EFBC}") = "AfekaTorrent.DownloadManager", "AfekaTorrent.DownloadManager\AfekaTorrent.DownloadManager.csproj", "{BDF446F0-3E99-4EE0-A154-EF11606794CA}"
	ProjectSection(ProjectDependencies) = postProject
		{D830EBC2-14AD-4CBA-B539-A1FC38DEB4D9} = {D830EBC2-14AD-4CBA-B539-A1FC38DEB4D9}
	EndProjectSection
EndProject
Project("{FAE04EC0-301F-11D3-BF4B-00C04F79EFBC}") = "Entities", "Entities\Entities.csproj", "{49240D90-C088-4CEB-94ED-631F248D8BE6}"
EndProject
Project("{FAE04EC0-301F-11D3-BF4B-00C04F79EFBC}") = "Client", "Client\Client.csproj", "{4CBAE899-6988-4CEF-A45A-B86FCAB39B75}"
EndProject
Project("{FAE04EC0-301F-11D3-BF4B-00C04F79EFBC}") = "AfekaTorrentServerConsole", "AfekaTorrentServerConsole\AfekaTorrentServerConsole.csproj", "{D830EBC2-14AD-4CBA-B539-A1FC38DEB4D9}"
EndProject
Project("{FAE04EC0-301F-11D3-BF4B-00C04F79EFBC}") = "Administration", "Administration\Administration.csproj", "{D885189B-AFEA-4302-8C17-4EDCA501AB98}"
EndProject
Global
	GlobalSection(SolutionConfigurationPlatforms) = preSolution
		Debug|Any CPU = Debug|Any CPU
		Release|Any CPU = Release|Any CPU
	EndGlobalSection
	GlobalSection(ProjectConfigurationPlatforms) = postSolution
		{4374A8E0-988E-4DF0-AC9D-0AF0FA8B0FDB}.Debug|Any CPU.ActiveCfg = Debug|Any CPU
		{4374A8E0-988E-4DF0-AC9D-0AF0FA8B0FDB}.Debug|Any CPU.Build.0 = Debug|Any CPU
		{4374A8E0-988E-4DF0-AC9D-0AF0FA8B0FDB}.Release|Any CPU.ActiveCfg = Release|Any CPU
		{4374A8E0-988E-4DF0-AC9D-0AF0FA8B0FDB}.Release|Any CPU.Build.0 = Release|Any CPU
		{BDF446F0-3E99-4EE0-A154-EF11606794CA}.Debug|Any CPU.ActiveCfg = Debug|Any CPU
		{BDF446F0-3E99-4EE0-A154-EF11606794CA}.Debug|Any CPU.Build.0 = Debug|Any CPU
		{BDF446F0-3E99-4EE0-A154-EF11606794CA}.Release|Any CPU.ActiveCfg = Release|Any CPU
		{BDF446F0-3E99-4EE0-A154-EF11606794CA}.Release|Any CPU.Build.0 = Release|Any CPU
		{49240D90-C088-4CEB-94ED-631F248D8BE6}.Debug|Any CPU.ActiveCfg = Debug|Any CPU
		{49240D90-C088-4CEB-94ED-631F248D8BE6}.Debug|Any CPU.Build.0 = Debug|Any CPU
		{49240D90-C088-4CEB-94ED-631F248D8BE6}.Release|Any CPU.ActiveCfg = Release|Any CPU
		{49240D90-C088-4CEB-94ED-631F248D8BE6}.Release|Any CPU.Build.0 = Release|Any CPU
		{4CBAE899-6988-4CEF-A45A-B86FCAB39B75}.Debug|Any CPU.ActiveCfg = Debug|Any CPU
		{4CBAE899-6988-4CEF-A45A-B86FCAB39B75}.Debug|Any CPU.Build.0 = Debug|Any CPU
		{4CBAE899-6988-4CEF-A45A-B86FCAB39B75}.Release|Any CPU.ActiveCfg = Release|Any CPU
		{4CBAE899-6988-4CEF-A45A-B86FCAB39B75}.Release|Any CPU.Build.0 = Release|Any CPU
		{D830EBC2-14AD-4CBA-B539-A1FC38DEB4D9}.Debug|Any CPU.ActiveCfg = Debug|Any CPU
		{D830EBC2-14AD-4CBA-B539-A1FC38DEB4D9}.Debug|Any CPU.Build.0 = Debug|Any CPU
		{D830EBC2-14AD-4CBA-B539-A1FC38DEB4D9}.Release|Any CPU.ActiveCfg = Release|Any CPU
		{D830EBC2-14AD-4CBA-B539-A1FC38DEB4D9}.Release|Any CPU.Build.0 = Release|Any CPU
		{D885189B-AFEA-4302-8C17-4EDCA501AB98}.Debug|Any CPU.ActiveCfg = Debug|Any CPU
		{D885189B-AFEA-4302-8C17-4EDCA501AB98}.Debug|Any CPU.Build.0 = Debug|Any CPU
		{D885189B-AFEA-4302-8C17-4EDCA501AB98}.Release|Any CPU.ActiveCfg = Release|Any CPU
		{D885189B-AFEA-4302-8C17-4EDCA501AB98}.Release|Any CPU.Build.0 = Release|Any CPU
	EndGlobalSection
	GlobalSection(SolutionProperties) = preSolution
		HideSolutionNode = FALSE
	EndGlobalSection
EndGlobal
